
Microsoft Visual Studio Solution File, Format Version 12.00
# Visual Studio Version 17
VisualStudioVersion = 17.0.31919.166
MinimumVisualStudioVersion = 10.0.40219.1
Project("{FAE04EC0-301F-11D3-BF4B-00C04F79EFBC}") = "Day1", "Day1\Day1.csproj", "{55203FFE-2315-4572-9D27-731EE52499B1}"
EndProject
Project("{FAE04EC0-301F-11D3-BF4B-00C04F79EFBC}") = "Day2", "Day2\Day2.csproj", "{9D55D12B-C019-4FA8-960F-75F5E0A0EA41}"
EndProject
Global
	GlobalSection(SolutionConfigurationPlatforms) = preSolution
		Debug|Any CPU = Debug|Any CPU
		Release|Any CPU = Release|Any CPU
	EndGlobalSection
	GlobalSection(ProjectConfigurationPlatforms) = postSolution
		{55203FFE-2315-4572-9D27-731EE52499B1}.Debug|Any CPU.ActiveCfg = Debug|Any CPU
		{55203FFE-2315-4572-9D27-731EE52499B1}.Debug|Any CPU.Build.0 = Debug|Any CPU
		{55203FFE-2315-4572-9D27-731EE52499B1}.Release|Any CPU.ActiveCfg = Release|Any CPU
		{55203FFE-2315-4572-9D27-731EE52499B1}.Release|Any CPU.Build.0 = Release|Any CPU
		{9D55D12B-C019-4FA8-960F-75F5E0A0EA41}.Debug|Any CPU.ActiveCfg = Debug|Any CPU
		{9D55D12B-C019-4FA8-960F-75F5E0A0EA41}.Debug|Any CPU.Build.0 = Debug|Any CPU
		{9D55D12B-C019-4FA8-960F-75F5E0A0EA41}.Release|Any CPU.ActiveCfg = Release|Any CPU
		{9D55D12B-C019-4FA8-960F-75F5E0A0EA41}.Release|Any CPU.Build.0 = Release|Any CPU
	EndGlobalSection
	GlobalSection(SolutionProperties) = preSolution
		HideSolutionNode = FALSE
	EndGlobalSection
	GlobalSection(ExtensibilityGlobals) = postSolution
		SolutionGuid = {7D0C39EB-47B3-4F31-A41A-AC0E8BCBCCFE}
	EndGlobalSection
EndGlobal
